
Microsoft Visual Studio Solution File, Format Version 12.00
# Visual Studio Version 17
VisualStudioVersion = 17.11.35327.3
MinimumVisualStudioVersion = 10.0.40219.1
Project("{9A19103F-16F7-4668-BE54-9A1E7A4F7556}") = "Matrix2Dlib", "Matrix2Dlib\Matrix2Dlib.csproj", "{8B454B7C-936E-4EE7-A4DD-53DE2CBCB106}"
EndProject
Project("{9A19103F-16F7-4668-BE54-9A1E7A4F7556}") = "Matrix2DConsoleAPp", "Matrix2DConsoleAPp\Matrix2DConsoleAPp.csproj", "{D047F628-31F9-4EE3-9D38-EA371DA89FB1}"
EndProject
Project("{9A19103F-16F7-4668-BE54-9A1E7A4F7556}") = "Matrix-Tests", "Matrix-Tests\Matrix-Tests.csproj", "{3BCE75A3-DE16-40C7-8552-6863335AD589}"
EndProject
Global
	GlobalSection(SolutionConfigurationPlatforms) = preSolution
		Debug|Any CPU = Debug|Any CPU
		Release|Any CPU = Release|Any CPU
	EndGlobalSection
	GlobalSection(ProjectConfigurationPlatforms) = postSolution
		{8B454B7C-936E-4EE7-A4DD-53DE2CBCB106}.Debug|Any CPU.ActiveCfg = Debug|Any CPU
		{8B454B7C-936E-4EE7-A4DD-53DE2CBCB106}.Debug|Any CPU.Build.0 = Debug|Any CPU
		{8B454B7C-936E-4EE7-A4DD-53DE2CBCB106}.Release|Any CPU.ActiveCfg = Release|Any CPU
		{8B454B7C-936E-4EE7-A4DD-53DE2CBCB106}.Release|Any CPU.Build.0 = Release|Any CPU
		{D047F628-31F9-4EE3-9D38-EA371DA89FB1}.Debug|Any CPU.ActiveCfg = Debug|Any CPU
		{D047F628-31F9-4EE3-9D38-EA371DA89FB1}.Debug|Any CPU.Build.0 = Debug|Any CPU
		{D047F628-31F9-4EE3-9D38-EA371DA89FB1}.Release|Any CPU.ActiveCfg = Release|Any CPU
		{D047F628-31F9-4EE3-9D38-EA371DA89FB1}.Release|Any CPU.Build.0 = Release|Any CPU
		{3BCE75A3-DE16-40C7-8552-6863335AD589}.Debug|Any CPU.ActiveCfg = Debug|Any CPU
		{3BCE75A3-DE16-40C7-8552-6863335AD589}.Debug|Any CPU.Build.0 = Debug|Any CPU
		{3BCE75A3-DE16-40C7-8552-6863335AD589}.Release|Any CPU.ActiveCfg = Release|Any CPU
		{3BCE75A3-DE16-40C7-8552-6863335AD589}.Release|Any CPU.Build.0 = Release|Any CPU
	EndGlobalSection
	GlobalSection(SolutionProperties) = preSolution
		HideSolutionNode = FALSE
	EndGlobalSection
	GlobalSection(ExtensibilityGlobals) = postSolution
		SolutionGuid = {6B97009B-679F-40BF-9C83-4DFF5A8B8046}
	EndGlobalSection
EndGlobal
